
Microsoft Visual Studio Solution File, Format Version 12.00
# Visual Studio Version 16
VisualStudioVersion = 16.0.31729.503
MinimumVisualStudioVersion = 10.0.40219.1
Project("{FAE04EC0-301F-11D3-BF4B-00C04F79EFBC}") = "20.03.11.2021-home-task", "20.03.11.2021-home-task\20.03.11.2021-home-task.csproj", "{2254CE3C-98B1-4BFC-A33D-D9C0BADACA11}"
EndProject
Project("{FAE04EC0-301F-11D3-BF4B-00C04F79EFBC}") = "MyClassLibrary", "MyClassLibrary\MyClassLibrary.csproj", "{C62ADDA2-8069-45CE-B33D-E345102B8DF7}"
EndProject
Global
	GlobalSection(SolutionConfigurationPlatforms) = preSolution
		Debug|Any CPU = Debug|Any CPU
		Release|Any CPU = Release|Any CPU
	EndGlobalSection
	GlobalSection(ProjectConfigurationPlatforms) = postSolution
		{2254CE3C-98B1-4BFC-A33D-D9C0BADACA11}.Debug|Any CPU.ActiveCfg = Debug|Any CPU
		{2254CE3C-98B1-4BFC-A33D-D9C0BADACA11}.Debug|Any CPU.Build.0 = Debug|Any CPU
		{2254CE3C-98B1-4BFC-A33D-D9C0BADACA11}.Release|Any CPU.ActiveCfg = Release|Any CPU
		{2254CE3C-98B1-4BFC-A33D-D9C0BADACA11}.Release|Any CPU.Build.0 = Release|Any CPU
		{C62ADDA2-8069-45CE-B33D-E345102B8DF7}.Debug|Any CPU.ActiveCfg = Debug|Any CPU
		{C62ADDA2-8069-45CE-B33D-E345102B8DF7}.Debug|Any CPU.Build.0 = Debug|Any CPU
		{C62ADDA2-8069-45CE-B33D-E345102B8DF7}.Release|Any CPU.ActiveCfg = Release|Any CPU
		{C62ADDA2-8069-45CE-B33D-E345102B8DF7}.Release|Any CPU.Build.0 = Release|Any CPU
	EndGlobalSection
	GlobalSection(SolutionProperties) = preSolution
		HideSolutionNode = FALSE
	EndGlobalSection
	GlobalSection(ExtensibilityGlobals) = postSolution
		SolutionGuid = {436C29D2-6AAF-4D68-8946-E4B8599ACEEF}
	EndGlobalSection
EndGlobal
